// !$*UTF8*$!
{
	archiveVersion = 1;
	classes = {
	};
	objectVersion = 46;
	objects = {

/* Begin PBXBuildFile section */
		B0A9BE6B19A6620F00FC2BC7 /* AppDelegate.swift in Sources */ = {isa = PBXBuildFile; fileRef = B0A9BE6A19A6620F00FC2BC7 /* AppDelegate.swift */; };
		B0A9BE6D19A6620F00FC2BC7 /* ViewController.swift in Sources */ = {isa = PBXBuildFile; fileRef = B0A9BE6C19A6620F00FC2BC7 /* ViewController.swift */; };
		B0A9BE7019A6620F00FC2BC7 /* Main.storyboard in Resources */ = {isa = PBXBuildFile; fileRef = B0A9BE6E19A6620F00FC2BC7 /* Main.storyboard */; };
		B0A9BE7219A6620F00FC2BC7 /* Images.xcassets in Resources */ = {isa = PBXBuildFile; fileRef = B0A9BE7119A6620F00FC2BC7 /* Images.xcassets */; };
		B0A9BE7E19A6620F00FC2BC7 /* DatePickerTests.swift in Sources */ = {isa = PBXBuildFile; fileRef = B0A9BE7D19A6620F00FC2BC7 /* DatePickerTests.swift */; };
		B0E4A40E22735623008456F9 /* .travis.yml in Resources */ = {isa = PBXBuildFile; fileRef = B0E4A40C22735623008456F9 /* .travis.yml */; };
		B0E4A40F22735623008456F9 /* .gitignore in Resources */ = {isa = PBXBuildFile; fileRef = B0E4A40D22735623008456F9 /* .gitignore */; };
/* End PBXBuildFile section */

/* Begin PBXContainerItemProxy section */
		B0A9BE7819A6620F00FC2BC7 /* PBXContainerItemProxy */ = {
			isa = PBXContainerItemProxy;
			containerPortal = B0A9BE5D19A6620F00FC2BC7 /* Project object */;
			proxyType = 1;
			remoteGlobalIDString = B0A9BE6419A6620F00FC2BC7;
			remoteInfo = DatePicker;
		};
/* End PBXContainerItemProxy section */

/* Begin PBXFileReference section */
		B0A9BE6519A6620F00FC2BC7 /* DatePicker.app */ = {isa = PBXFileReference; explicitFileType = wrapper.application; includeInIndex = 0; path = DatePicker.app; sourceTree = BUILT_PRODUCTS_DIR; };
		B0A9BE6919A6620F00FC2BC7 /* Info.plist */ = {isa = PBXFileReference; lastKnownFileType = text.plist.xml; path = Info.plist; sourceTree = "<group>"; };
		B0A9BE6A19A6620F00FC2BC7 /* AppDelegate.swift */ = {isa = PBXFileReference; lastKnownFileType = sourcecode.swift; path = AppDelegate.swift; sourceTree = "<group>"; };
		B0A9BE6C19A6620F00FC2BC7 /* ViewController.swift */ = {isa = PBXFileReference; lastKnownFileType = sourcecode.swift; path = ViewController.swift; sourceTree = "<group>"; };
		B0A9BE6F19A6620F00FC2BC7 /* Base */ = {isa = PBXFileReference; lastKnownFileType = file.storyboard; name = Base; path = Base.lproj/Main.storyboard; sourceTree = "<group>"; };
		B0A9BE7119A6620F00FC2BC7 /* Images.xcassets */ = {isa = PBXFileReference; lastKnownFileType = folder.assetcatalog; path = Images.xcassets; sourceTree = "<group>"; };
		B0A9BE7719A6620F00FC2BC7 /* DatePickerTests.xctest */ = {isa = PBXFileReference; explicitFileType = wrapper.cfbundle; includeInIndex = 0; path = DatePickerTests.xctest; sourceTree = BUILT_PRODUCTS_DIR; };
		B0A9BE7C19A6620F00FC2BC7 /* Info.plist */ = {isa = PBXFileReference; lastKnownFileType = text.plist.xml; path = Info.plist; sourceTree = "<group>"; };
		B0A9BE7D19A6620F00FC2BC7 /* DatePickerTests.swift */ = {isa = PBXFileReference; lastKnownFileType = sourcecode.swift; path = DatePickerTests.swift; sourceTree = "<group>"; };
		B0A9BE8719A6652B00FC2BC7 /* README.md */ = {isa = PBXFileReference; fileEncoding = 4; lastKnownFileType = net.daringfireball.markdown; path = README.md; sourceTree = "<group>"; };
		B0E4A40622734421008456F9 /* LICENSE */ = {isa = PBXFileReference; fileEncoding = 4; lastKnownFileType = text; path = LICENSE; sourceTree = "<group>"; };
		B0E4A40722734421008456F9 /* .swift-version */ = {isa = PBXFileReference; fileEncoding = 4; lastKnownFileType = text; path = ".swift-version"; sourceTree = "<group>"; };
		B0E4A40822734421008456F9 /* .swiftlint.yml */ = {isa = PBXFileReference; fileEncoding = 4; lastKnownFileType = text; path = .swiftlint.yml; sourceTree = "<group>"; };
		B0E4A40C22735623008456F9 /* .travis.yml */ = {isa = PBXFileReference; fileEncoding = 4; lastKnownFileType = text; path = .travis.yml; sourceTree = "<group>"; };
		B0E4A40D22735623008456F9 /* .gitignore */ = {isa = PBXFileReference; fileEncoding = 4; lastKnownFileType = text; path = .gitignore; sourceTree = "<group>"; };
/* End PBXFileReference section */

/* Begin PBXFrameworksBuildPhase section */
		B0A9BE6219A6620F00FC2BC7 /* Frameworks */ = {
			isa = PBXFrameworksBuildPhase;
			buildActionMask = 2147483647;
			files = (
			);
			runOnlyForDeploymentPostprocessing = 0;
		};
		B0A9BE7419A6620F00FC2BC7 /* Frameworks */ = {
			isa = PBXFrameworksBuildPhase;
			buildActionMask = 2147483647;
			files = (
			);
			runOnlyForDeploymentPostprocessing = 0;
		};
/* End PBXFrameworksBuildPhase section */

/* Begin PBXGroup section */
		B0A9BE5C19A6620F00FC2BC7 = {
			isa = PBXGroup;
			children = (
				B0E4A40D22735623008456F9 /* .gitignore */,
				B0E4A40C22735623008456F9 /* .travis.yml */,
				B0E4A40722734421008456F9 /* .swift-version */,
				B0E4A40822734421008456F9 /* .swiftlint.yml */,
				B0E4A40622734421008456F9 /* LICENSE */,
				B0A9BE8719A6652B00FC2BC7 /* README.md */,
				B0A9BE6719A6620F00FC2BC7 /* DatePicker */,
				B0A9BE7A19A6620F00FC2BC7 /* DatePickerTests */,
				B0A9BE6619A6620F00FC2BC7 /* Products */,
			);
			sourceTree = "<group>";
		};
		B0A9BE6619A6620F00FC2BC7 /* Products */ = {
			isa = PBXGroup;
			children = (
				B0A9BE6519A6620F00FC2BC7 /* DatePicker.app */,
				B0A9BE7719A6620F00FC2BC7 /* DatePickerTests.xctest */,
			);
			name = Products;
			sourceTree = "<group>";
		};
		B0A9BE6719A6620F00FC2BC7 /* DatePicker */ = {
			isa = PBXGroup;
			children = (
				B0A9BE6A19A6620F00FC2BC7 /* AppDelegate.swift */,
				B0A9BE6C19A6620F00FC2BC7 /* ViewController.swift */,
				B0A9BE6E19A6620F00FC2BC7 /* Main.storyboard */,
				B0A9BE7119A6620F00FC2BC7 /* Images.xcassets */,
				B0A9BE6819A6620F00FC2BC7 /* Supporting Files */,
			);
			path = DatePicker;
			sourceTree = "<group>";
		};
		B0A9BE6819A6620F00FC2BC7 /* Supporting Files */ = {
			isa = PBXGroup;
			children = (
				B0A9BE6919A6620F00FC2BC7 /* Info.plist */,
			);
			name = "Supporting Files";
			sourceTree = "<group>";
		};
		B0A9BE7A19A6620F00FC2BC7 /* DatePickerTests */ = {
			isa = PBXGroup;
			children = (
				B0A9BE7D19A6620F00FC2BC7 /* DatePickerTests.swift */,
				B0A9BE7B19A6620F00FC2BC7 /* Supporting Files */,
			);
			path = DatePickerTests;
			sourceTree = "<group>";
		};
		B0A9BE7B19A6620F00FC2BC7 /* Supporting Files */ = {
			isa = PBXGroup;
			children = (
				B0A9BE7C19A6620F00FC2BC7 /* Info.plist */,
			);
			name = "Supporting Files";
			sourceTree = "<group>";
		};
/* End PBXGroup section */

/* Begin PBXNativeTarget section */
		B0A9BE6419A6620F00FC2BC7 /* DatePicker */ = {
			isa = PBXNativeTarget;
			buildConfigurationList = B0A9BE8119A6620F00FC2BC7 /* Build configuration list for PBXNativeTarget "DatePicker" */;
			buildPhases = (
				B0E4A40522733E72008456F9 /* Swiftlint */,
				B0A9BE6119A6620F00FC2BC7 /* Sources */,
				B0A9BE6219A6620F00FC2BC7 /* Frameworks */,
				B0A9BE6319A6620F00FC2BC7 /* Resources */,
			);
			buildRules = (
			);
			dependencies = (
			);
			name = DatePicker;
			productName = DatePicker;
			productReference = B0A9BE6519A6620F00FC2BC7 /* DatePicker.app */;
			productType = "com.apple.product-type.application";
		};
		B0A9BE7619A6620F00FC2BC7 /* DatePickerTests */ = {
			isa = PBXNativeTarget;
			buildConfigurationList = B0A9BE8419A6620F00FC2BC7 /* Build configuration list for PBXNativeTarget "DatePickerTests" */;
			buildPhases = (
				B0A9BE7319A6620F00FC2BC7 /* Sources */,
				B0A9BE7419A6620F00FC2BC7 /* Frameworks */,
				B0A9BE7519A6620F00FC2BC7 /* Resources */,
			);
			buildRules = (
			);
			dependencies = (
				B0A9BE7919A6620F00FC2BC7 /* PBXTargetDependency */,
			);
			name = DatePickerTests;
			productName = DatePickerTests;
			productReference = B0A9BE7719A6620F00FC2BC7 /* DatePickerTests.xctest */;
			productType = "com.apple.product-type.bundle.unit-test";
		};
/* End PBXNativeTarget section */

/* Begin PBXProject section */
		B0A9BE5D19A6620F00FC2BC7 /* Project object */ = {
			isa = PBXProject;
			attributes = {
				LastUpgradeCheck = 1020;
				ORGANIZATIONNAME = "Gene De Lisa";
				TargetAttributes = {
					B0A9BE6419A6620F00FC2BC7 = {
						CreatedOnToolsVersion = 6.0;
					};
					B0A9BE7619A6620F00FC2BC7 = {
						CreatedOnToolsVersion = 6.0;
						TestTargetID = B0A9BE6419A6620F00FC2BC7;
					};
				};
			};
			buildConfigurationList = B0A9BE6019A6620F00FC2BC7 /* Build configuration list for PBXProject "DatePicker" */;
			compatibilityVersion = "Xcode 3.2";
			developmentRegion = en;
			hasScannedForEncodings = 0;
			knownRegions = (
				en,
				Base,
			);
			mainGroup = B0A9BE5C19A6620F00FC2BC7;
			productRefGroup = B0A9BE6619A6620F00FC2BC7 /* Products */;
			projectDirPath = "";
			projectRoot = "";
			targets = (
				B0A9BE6419A6620F00FC2BC7 /* DatePicker */,
				B0A9BE7619A6620F00FC2BC7 /* DatePickerTests */,
			);
		};
/* End PBXProject section */

/* Begin PBXResourcesBuildPhase section */
		B0A9BE6319A6620F00FC2BC7 /* Resources */ = {
			isa = PBXResourcesBuildPhase;
			buildActionMask = 2147483647;
			files = (
				B0E4A40F22735623008456F9 /* .gitignore in Resources */,
				B0E4A40E22735623008456F9 /* .travis.yml in Resources */,
				B0A9BE7019A6620F00FC2BC7 /* Main.storyboard in Resources */,
				B0A9BE7219A6620F00FC2BC7 /* Images.xcassets in Resources */,
			);
			runOnlyForDeploymentPostprocessing = 0;
		};
		B0A9BE7519A6620F00FC2BC7 /* Resources */ = {
			isa = PBXResourcesBuildPhase;
			buildActionMask = 2147483647;
			files = (
			);
			runOnlyForDeploymentPostprocessing = 0;
		};
/* End PBXResourcesBuildPhase section */

/* Begin PBXShellScriptBuildPhase section */
		B0E4A40522733E72008456F9 /* Swiftlint */ = {
			isa = PBXShellScriptBuildPhase;
			buildActionMask = 2147483647;
			files = (
			);
			inputFileListPaths = (
			);
			inputPaths = (
			);
			name = Swiftlint;
			outputFileListPaths = (
			);
			outputPaths = (
			);
			runOnlyForDeploymentPostprocessing = 0;
			shellPath = /bin/sh;
			shellScript = "swiftlint\n";
		};
/* End PBXShellScriptBuildPhase section */

/* Begin PBXSourcesBuildPhase section */
		B0A9BE6119A6620F00FC2BC7 /* Sources */ = {
			isa = PBXSourcesBuildPhase;
			buildActionMask = 2147483647;
			files = (
				B0A9BE6D19A6620F00FC2BC7 /* ViewController.swift in Sources */,
				B0A9BE6B19A6620F00FC2BC7 /* AppDelegate.swift in Sources */,
			);
			runOnlyForDeploymentPostprocessing = 0;
		};
		B0A9BE7319A6620F00FC2BC7 /* Sources */ = {
			isa = PBXSourcesBuildPhase;
			buildActionMask = 2147483647;
			files = (
				B0A9BE7E19A6620F00FC2BC7 /* DatePickerTests.swift in Sources */,
			);
			runOnlyForDeploymentPostprocessing = 0;
		};
/* End PBXSourcesBuildPhase section */

/* Begin PBXTargetDependency section */
		B0A9BE7919A6620F00FC2BC7 /* PBXTargetDependency */ = {
			isa = PBXTargetDependency;
			target = B0A9BE6419A6620F00FC2BC7 /* DatePicker */;
			targetProxy = B0A9BE7819A6620F00FC2BC7 /* PBXContainerItemProxy */;
		};
/* End PBXTargetDependency section */

/* Begin PBXVariantGroup section */
		B0A9BE6E19A6620F00FC2BC7 /* Main.storyboard */ = {
			isa = PBXVariantGroup;
			children = (
				B0A9BE6F19A6620F00FC2BC7 /* Base */,
			);
			name = Main.storyboard;
			sourceTree = "<group>";
		};
/* End PBXVariantGroup section */

/* Begin XCBuildConfiguration section */
		B0A9BE7F19A6620F00FC2BC7 /* Debug */ = {
			isa = XCBuildConfiguration;
			buildSettings = {
				ALWAYS_SEARCH_USER_PATHS = NO;
				CLANG_ANALYZER_LOCALIZABILITY_NONLOCALIZED = YES;
				CLANG_CXX_LANGUAGE_STANDARD = "gnu++0x";
				CLANG_CXX_LIBRARY = "libc++";
				CLANG_ENABLE_MODULES = YES;
				CLANG_ENABLE_OBJC_ARC = YES;
				CLANG_WARN_BLOCK_CAPTURE_AUTORELEASING = YES;
				CLANG_WARN_BOOL_CONVERSION = YES;
				CLANG_WARN_COMMA = YES;
				CLANG_WARN_CONSTANT_CONVERSION = YES;
				CLANG_WARN_DEPRECATED_OBJC_IMPLEMENTATIONS = YES;
				CLANG_WARN_DIRECT_OBJC_ISA_USAGE = YES_ERROR;
				CLANG_WARN_EMPTY_BODY = YES;
				CLANG_WARN_ENUM_CONVERSION = YES;
				CLANG_WARN_INFINITE_RECURSION = YES;
				CLANG_WARN_INT_CONVERSION = YES;
				CLANG_WARN_NON_LITERAL_NULL_CONVERSION = YES;
				CLANG_WARN_OBJC_IMPLICIT_RETAIN_SELF = YES;
				CLANG_WARN_OBJC_LITERAL_CONVERSION = YES;
				CLANG_WARN_OBJC_ROOT_CLASS = YES_ERROR;
				CLANG_WARN_RANGE_LOOP_ANALYSIS = YES;
				CLANG_WARN_STRICT_PROTOTYPES = YES;
				CLANG_WARN_SUSPICIOUS_MOVE = YES;
				CLANG_WARN_UNREACHABLE_CODE = YES;
				CLANG_WARN__DUPLICATE_METHOD_MATCH = YES;
				"CODE_SIGN_IDENTITY[sdk=iphoneos*]" = "iPhone Developer";
				COPY_PHASE_STRIP = NO;
				ENABLE_STRICT_OBJC_MSGSEND = YES;
				ENABLE_TESTABILITY = YES;
				GCC_C_LANGUAGE_STANDARD = gnu99;
				GCC_DYNAMIC_NO_PIC = NO;
				GCC_NO_COMMON_BLOCKS = YES;
				GCC_OPTIMIZATION_LEVEL = 0;
				GCC_PREPROCESSOR_DEFINITIONS = (
					"DEBUG=1",
					"$(inherited)",
				);
				GCC_SYMBOLS_PRIVATE_EXTERN = NO;
				GCC_WARN_64_TO_32_BIT_CONVERSION = YES;
				GCC_WARN_ABOUT_RETURN_TYPE = YES_ERROR;
				GCC_WARN_UNDECLARED_SELECTOR = YES;
				GCC_WARN_UNINITIALIZED_AUTOS = YES_AGGRESSIVE;
				GCC_WARN_UNUSED_FUNCTION = YES;
				GCC_WARN_UNUSED_VARIABLE = YES;
				IPHONEOS_DEPLOYMENT_TARGET = 11.0;
				MTL_ENABLE_DEBUG_INFO = YES;
				ONLY_ACTIVE_ARCH = YES;
				SDKROOT = iphoneos;
				SWIFT_OPTIMIZATION_LEVEL = "-Onone";
				SWIFT_VERSION = 5.0;
				TARGETED_DEVICE_FAMILY = "1,2";
			};
			name = Debug;
		};
		B0A9BE8019A6620F00FC2BC7 /* Release */ = {
			isa = XCBuildConfiguration;
			buildSettings = {
				ALWAYS_SEARCH_USER_PATHS = NO;
				CLANG_ANALYZER_LOCALIZABILITY_NONLOCALIZED = YES;
				CLANG_CXX_LANGUAGE_STANDARD = "gnu++0x";
				CLANG_CXX_LIBRARY = "libc++";
				CLANG_ENABLE_MODULES = YES;
				CLANG_ENABLE_OBJC_ARC = YES;
				CLANG_WARN_BLOCK_CAPTURE_AUTORELEASING = YES;
				CLANG_WARN_BOOL_CONVERSION = YES;
				CLANG_WARN_COMMA = YES;
				CLANG_WARN_CONSTANT_CONVERSION = YES;
				CLANG_WARN_DEPRECATED_OBJC_IMPLEMENTATIONS = YES;
				CLANG_WARN_DIRECT_OBJC_ISA_USAGE = YES_ERROR;
				CLANG_WARN_EMPTY_BODY = YES;
				CLANG_WARN_ENUM_CONVERSION = YES;
				CLANG_WARN_INFINITE_RECURSION = YES;
				CLANG_WARN_INT_CONVERSION = YES;
				CLANG_WARN_NON_LITERAL_NULL_CONVERSION = YES;
				CLANG_WARN_OBJC_IMPLICIT_RETAIN_SELF = YES;
				CLANG_WARN_OBJC_LITERAL_CONVERSION = YES;
				CLANG_WARN_OBJC_ROOT_CLASS = YES_ERROR;
				CLANG_WARN_RANGE_LOOP_ANALYSIS = YES;
				CLANG_WARN_STRICT_PROTOTYPES = YES;
				CLANG_WARN_SUSPICIOUS_MOVE = YES;
				CLANG_WARN_UNREACHABLE_CODE = YES;
				CLANG_WARN__DUPLICATE_METHOD_MATCH = YES;
				"CODE_SIGN_IDENTITY[sdk=iphoneos*]" = "iPhone Developer";
				COPY_PHASE_STRIP = YES;
				ENABLE_NS_ASSERTIONS = NO;
				ENABLE_STRICT_OBJC_MSGSEND = YES;
				GCC_C_LANGUAGE_STANDARD = gnu99;
				GCC_NO_COMMON_BLOCKS = YES;
				GCC_WARN_64_TO_32_BIT_CONVERSION = YES;
				GCC_WARN_ABOUT_RETURN_TYPE = YES_ERROR;
				GCC_WARN_UNDECLARED_SELECTOR = YES;
				GCC_WARN_UNINITIALIZED_AUTOS = YES_AGGRESSIVE;
				GCC_WARN_UNUSED_FUNCTION = YES;
				GCC_WARN_UNUSED_VARIABLE = YES;
				IPHONEOS_DEPLOYMENT_TARGET = 11.0;
				MTL_ENABLE_DEBUG_INFO = NO;
				SDKROOT = iphoneos;
				SWIFT_COMPILATION_MODE = wholemodule;
				SWIFT_VERSION = 5.0;
				TARGETED_DEVICE_FAMILY = "1,2";
				VALIDATE_PRODUCT = YES;
			};
			name = Release;
		};
		B0A9BE8219A6620F00FC2BC7 /* Debug */ = {
			isa = XCBuildConfiguration;
			buildSettings = {
				ASSETCATALOG_COMPILER_APPICON_NAME = AppIcon;
				ASSETCATALOG_COMPILER_LAUNCHIMAGE_NAME = LaunchImage;
				INFOPLIST_FILE = DatePicker/Info.plist;
				IPHONEOS_DEPLOYMENT_TARGET = 8.0;
				LD_RUNPATH_SEARCH_PATHS = "$(inherited) @executable_path/Frameworks";
				PRODUCT_BUNDLE_IDENTIFIER = "com.rockhoppertech.$(PRODUCT_NAME:rfc1034identifier)";
				PRODUCT_NAME = "$(TARGET_NAME)";
				SWIFT_VERSION = 5.0;
			};
			name = Debug;
		};
		B0A9BE8319A6620F00FC2BC7 /* Release */ = {
			isa = XCBuildConfiguration;
			buildSettings = {
				ASSETCATALOG_COMPILER_APPICON_NAME = AppIcon;
				ASSETCATALOG_COMPILER_LAUNCHIMAGE_NAME = LaunchImage;
				INFOPLIST_FILE = DatePicker/Info.plist;
				IPHONEOS_DEPLOYMENT_TARGET = 8.0;
				LD_RUNPATH_SEARCH_PATHS = "$(inherited) @executable_path/Frameworks";
				PRODUCT_BUNDLE_IDENTIFIER = "com.rockhoppertech.$(PRODUCT_NAME:rfc1034identifier)";
				PRODUCT_NAME = "$(TARGET_NAME)";
				SWIFT_VERSION = 5.0;
			};
			name = Release;
		};
		B0A9BE8519A6620F00FC2BC7 /* Debug */ = {
			isa = XCBuildConfiguration;
			buildSettings = {
				BUNDLE_LOADER = "$(TEST_HOST)";
				FRAMEWORK_SEARCH_PATHS = (
					"$(SDKROOT)/Developer/Library/Frameworks",
					"$(inherited)",
				);
				GCC_PREPROCESSOR_DEFINITIONS = (
					"DEBUG=1",
					"$(inherited)",
				);
				INFOPLIST_FILE = DatePickerTests/Info.plist;
				LD_RUNPATH_SEARCH_PATHS = "$(inherited) @executable_path/Frameworks @loader_path/Frameworks";
				PRODUCT_BUNDLE_IDENTIFIER = "com.rockhoppertech.$(PRODUCT_NAME:rfc1034identifier)";
				PRODUCT_NAME = "$(TARGET_NAME)";
				TEST_HOST = "$(BUILT_PRODUCTS_DIR)/DatePicker.app/DatePicker";
			};
			name = Debug;
		};
		B0A9BE8619A6620F00FC2BC7 /* Release */ = {
			isa = XCBuildConfiguration;
			buildSettings = {
				BUNDLE_LOADER = "$(TEST_HOST)";
				FRAMEWORK_SEARCH_PATHS = (
					"$(SDKROOT)/Developer/Library/Frameworks",
					"$(inherited)",
				);
				INFOPLIST_FILE = DatePickerTests/Info.plist;
				LD_RUNPATH_SEARCH_PATHS = "$(inherited) @executable_path/Frameworks @loader_path/Frameworks";
				PRODUCT_BUNDLE_IDENTIFIER = "com.rockhoppertech.$(PRODUCT_NAME:rfc1034identifier)";
				PRODUCT_NAME = "$(TARGET_NAME)";
				TEST_HOST = "$(BUILT_PRODUCTS_DIR)/DatePicker.app/DatePicker";
			};
			name = Release;
		};
/* End XCBuildConfiguration section */

/* Begin XCConfigurationList section */
		B0A9BE6019A6620F00FC2BC7 /* Build configuration list for PBXProject "DatePicker" */ = {
			isa = XCConfigurationList;
			buildConfigurations = (
				B0A9BE7F19A6620F00FC2BC7 /* Debug */,
				B0A9BE8019A6620F00FC2BC7 /* Release */,
			);
			defaultConfigurationIsVisible = 0;
			defaultConfigurationName = Release;
		};
		B0A9BE8119A6620F00FC2BC7 /* Build configuration list for PBXNativeTarget "DatePicker" */ = {
			isa = XCConfigurationList;
			buildConfigurations = (
				B0A9BE8219A6620F00FC2BC7 /* Debug */,
				B0A9BE8319A6620F00FC2BC7 /* Release */,
			);
			defaultConfigurationIsVisible = 0;
			defaultConfigurationName = Release;
		};
		B0A9BE8419A6620F00FC2BC7 /* Build configuration list for PBXNativeTarget "DatePickerTests" */ = {
			isa = XCConfigurationList;
			buildConfigurations = (
				B0A9BE8519A6620F00FC2BC7 /* Debug */,
				B0A9BE8619A6620F00FC2BC7 /* Release */,
			);
			defaultConfigurationIsVisible = 0;
			defaultConfigurationName = Release;
		};
/* End XCConfigurationList section */
	};
	rootObject = B0A9BE5D19A6620F00FC2BC7 /* Project object */;
}
